
Microsoft Visual Studio Solution File, Format Version 12.00
Project("{FAE04EC0-301F-11D3-BF4B-00C04F79EFBC}") = "FinanZen.Web", "FinanZen.Web\FinanZen.Web.csproj", "{C309F624-DD37-443C-A3D6-45CA22C679CD}"
EndProject
Project("{FAE04EC0-301F-11D3-BF4B-00C04F79EFBC}") = "FinanZen.Data", "FinanZen.Data\FinanZen.Data.csproj", "{356BDAA0-BFBD-463E-AD2C-52FDE836FF78}"
EndProject
Project("{FAE04EC0-301F-11D3-BF4B-00C04F79EFBC}") = "FinanZen.Test", "FinanZen.Test\FinanZen.Test.csproj", "{5B83A3BF-F577-405F-95E8-A86F6CB7351E}"
EndProject
Global
	GlobalSection(SolutionConfigurationPlatforms) = preSolution
		Debug|Any CPU = Debug|Any CPU
		Release|Any CPU = Release|Any CPU
	EndGlobalSection
	GlobalSection(ProjectConfigurationPlatforms) = postSolution
		{C309F624-DD37-443C-A3D6-45CA22C679CD}.Debug|Any CPU.ActiveCfg = Debug|Any CPU
		{C309F624-DD37-443C-A3D6-45CA22C679CD}.Debug|Any CPU.Build.0 = Debug|Any CPU
		{C309F624-DD37-443C-A3D6-45CA22C679CD}.Release|Any CPU.ActiveCfg = Release|Any CPU
		{C309F624-DD37-443C-A3D6-45CA22C679CD}.Release|Any CPU.Build.0 = Release|Any CPU
		{356BDAA0-BFBD-463E-AD2C-52FDE836FF78}.Debug|Any CPU.ActiveCfg = Debug|Any CPU
		{356BDAA0-BFBD-463E-AD2C-52FDE836FF78}.Debug|Any CPU.Build.0 = Debug|Any CPU
		{356BDAA0-BFBD-463E-AD2C-52FDE836FF78}.Release|Any CPU.ActiveCfg = Release|Any CPU
		{356BDAA0-BFBD-463E-AD2C-52FDE836FF78}.Release|Any CPU.Build.0 = Release|Any CPU
		{5B83A3BF-F577-405F-95E8-A86F6CB7351E}.Debug|Any CPU.ActiveCfg = Debug|Any CPU
		{5B83A3BF-F577-405F-95E8-A86F6CB7351E}.Debug|Any CPU.Build.0 = Debug|Any CPU
		{5B83A3BF-F577-405F-95E8-A86F6CB7351E}.Release|Any CPU.ActiveCfg = Release|Any CPU
		{5B83A3BF-F577-405F-95E8-A86F6CB7351E}.Release|Any CPU.Build.0 = Release|Any CPU
	EndGlobalSection
EndGlobal
